
Microsoft Visual Studio Solution File, Format Version 12.00
# Visual Studio Version 16
VisualStudioVersion = 16.0.31613.86
MinimumVisualStudioVersion = 10.0.40219.1
Project("{8BC9CEB8-8B4A-11D0-8D11-00A0C91BC942}") = "Cpp_Day26_이후", "Cpp_Day26_이후\Cpp_Day26_이후.vcxproj", "{F2E49925-9864-4045-8EE2-1B1B772A3DFA}"
EndProject
Global
	GlobalSection(SolutionConfigurationPlatforms) = preSolution
		Debug|x64 = Debug|x64
		Debug|x86 = Debug|x86
		Release|x64 = Release|x64
		Release|x86 = Release|x86
	EndGlobalSection
	GlobalSection(ProjectConfigurationPlatforms) = postSolution
		{F2E49925-9864-4045-8EE2-1B1B772A3DFA}.Debug|x64.ActiveCfg = Debug|x64
		{F2E49925-9864-4045-8EE2-1B1B772A3DFA}.Debug|x64.Build.0 = Debug|x64
		{F2E49925-9864-4045-8EE2-1B1B772A3DFA}.Debug|x86.ActiveCfg = Debug|Win32
		{F2E49925-9864-4045-8EE2-1B1B772A3DFA}.Debug|x86.Build.0 = Debug|Win32
		{F2E49925-9864-4045-8EE2-1B1B772A3DFA}.Release|x64.ActiveCfg = Release|x64
		{F2E49925-9864-4045-8EE2-1B1B772A3DFA}.Release|x64.Build.0 = Release|x64
		{F2E49925-9864-4045-8EE2-1B1B772A3DFA}.Release|x86.ActiveCfg = Release|Win32
		{F2E49925-9864-4045-8EE2-1B1B772A3DFA}.Release|x86.Build.0 = Release|Win32
	EndGlobalSection
	GlobalSection(SolutionProperties) = preSolution
		HideSolutionNode = FALSE
	EndGlobalSection
	GlobalSection(ExtensibilityGlobals) = postSolution
		SolutionGuid = {E0F04CE1-3213-4354-B7CF-B3EAF9CE8311}
	EndGlobalSection
EndGlobal
